
Microsoft Visual Studio Solution File, Format Version 12.00
# Visual Studio 14
VisualStudioVersion = 14.0.25420.1
MinimumVisualStudioVersion = 10.0.40219.1
Project("{FAE04EC0-301F-11D3-BF4B-00C04F79EFBC}") = "EquationSolvingTestProject", "EquationSolvingTestProject\EquationSolvingTestProject.csproj", "{6DE6EBF3-C96A-45EA-A4CC-2224D5D5CA31}"
EndProject
Project("{FAE04EC0-301F-11D3-BF4B-00C04F79EFBC}") = "EquationSolvingApplication", "..\EquationSolvingApplication\EquationSolvingApplication.csproj", "{A6353DB5-70A9-4C8E-BA33-706F01409439}"
EndProject
Global
	GlobalSection(SolutionConfigurationPlatforms) = preSolution
		Debug|Any CPU = Debug|Any CPU
		Release|Any CPU = Release|Any CPU
	EndGlobalSection
	GlobalSection(ProjectConfigurationPlatforms) = postSolution
		{6DE6EBF3-C96A-45EA-A4CC-2224D5D5CA31}.Debug|Any CPU.ActiveCfg = Debug|Any CPU
		{6DE6EBF3-C96A-45EA-A4CC-2224D5D5CA31}.Debug|Any CPU.Build.0 = Debug|Any CPU
		{6DE6EBF3-C96A-45EA-A4CC-2224D5D5CA31}.Release|Any CPU.ActiveCfg = Release|Any CPU
		{6DE6EBF3-C96A-45EA-A4CC-2224D5D5CA31}.Release|Any CPU.Build.0 = Release|Any CPU
		{A6353DB5-70A9-4C8E-BA33-706F01409439}.Debug|Any CPU.ActiveCfg = Debug|Any CPU
		{A6353DB5-70A9-4C8E-BA33-706F01409439}.Debug|Any CPU.Build.0 = Debug|Any CPU
		{A6353DB5-70A9-4C8E-BA33-706F01409439}.Release|Any CPU.ActiveCfg = Release|Any CPU
		{A6353DB5-70A9-4C8E-BA33-706F01409439}.Release|Any CPU.Build.0 = Release|Any CPU
	EndGlobalSection
	GlobalSection(SolutionProperties) = preSolution
		HideSolutionNode = FALSE
	EndGlobalSection
EndGlobal
